
Microsoft Visual Studio Solution File, Format Version 12.00
# Visual Studio Version 16
VisualStudioVersion = 16.0.29613.14
MinimumVisualStudioVersion = 10.0.40219.1
Project("{FAE04EC0-301F-11D3-BF4B-00C04F79EFBC}") = "GigHub", "GigHub\GigHub.csproj", "{2931E657-966C-460B-AF41-F4364567E7DB}"
EndProject
Global
	GlobalSection(SolutionConfigurationPlatforms) = preSolution
		Debug|Any CPU = Debug|Any CPU
		Release|Any CPU = Release|Any CPU
	EndGlobalSection
	GlobalSection(ProjectConfigurationPlatforms) = postSolution
		{2931E657-966C-460B-AF41-F4364567E7DB}.Debug|Any CPU.ActiveCfg = Debug|Any CPU
		{2931E657-966C-460B-AF41-F4364567E7DB}.Debug|Any CPU.Build.0 = Debug|Any CPU
		{2931E657-966C-460B-AF41-F4364567E7DB}.Release|Any CPU.ActiveCfg = Release|Any CPU
		{2931E657-966C-460B-AF41-F4364567E7DB}.Release|Any CPU.Build.0 = Release|Any CPU
	EndGlobalSection
	GlobalSection(SolutionProperties) = preSolution
		HideSolutionNode = FALSE
	EndGlobalSection
	GlobalSection(ExtensibilityGlobals) = postSolution
		SolutionGuid = {6F50A9CA-F1F6-466F-8833-7C9BE3F32B6F}
	EndGlobalSection
EndGlobal
